// !$*UTF8*$!
{
	archiveVersion = 1;
	classes = {
	};
	objectVersion = 77;
	objects = {

/* Begin PBXContainerItemProxy section */
		65AE72302E44A92E003BE6F5 /* PBXContainerItemProxy */ = {
			isa = PBXContainerItemProxy;
			containerPortal = 65AE721A2E44A92D003BE6F5 /* Project object */;
			proxyType = 1;
			remoteGlobalIDString = 65AE72212E44A92D003BE6F5;
			remoteInfo = ChipDogs;
		};
		65AE723A2E44A92E003BE6F5 /* PBXContainerItemProxy */ = {
			isa = PBXContainerItemProxy;
			containerPortal = 65AE721A2E44A92D003BE6F5 /* Project object */;
			proxyType = 1;
			remoteGlobalIDString = 65AE72212E44A92D003BE6F5;
			remoteInfo = ChipDogs;
		};
/* End PBXContainerItemProxy section */

/* Begin PBXFileReference section */
		6582FB132E54A594000EE865 /* ItsDogs-Info.plist */ = {isa = PBXFileReference; lastKnownFileType = text.plist.xml; path = "ItsDogs-Info.plist"; sourceTree = "<group>"; };
		65AE72222E44A92D003BE6F5 /* ChipDogs.app */ = {isa = PBXFileReference; explicitFileType = wrapper.application; includeInIndex = 0; path = ChipDogs.app; sourceTree = BUILT_PRODUCTS_DIR; };
		65AE722F2E44A92E003BE6F5 /* ChipDogsTests.xctest */ = {isa = PBXFileReference; explicitFileType = wrapper.cfbundle; includeInIndex = 0; path = ChipDogsTests.xctest; sourceTree = BUILT_PRODUCTS_DIR; };
		65AE72392E44A92E003BE6F5 /* ChipDogsUITests.xctest */ = {isa = PBXFileReference; explicitFileType = wrapper.cfbundle; includeInIndex = 0; path = ChipDogsUITests.xctest; sourceTree = BUILT_PRODUCTS_DIR; };
/* End PBXFileReference section */

/* Begin PBXFileSystemSynchronizedRootGroup section */
		65AE72242E44A92D003BE6F5 /* ItsDogs */ = {
			isa = PBXFileSystemSynchronizedRootGroup;
			path = ItsDogs;
			sourceTree = "<group>";
		};
		65AE72322E44A92E003BE6F5 /* ChipDogsTests */ = {
			isa = PBXFileSystemSynchronizedRootGroup;
			path = ChipDogsTests;
			sourceTree = "<group>";
		};
		65AE723C2E44A92E003BE6F5 /* ChipDogsUITests */ = {
			isa = PBXFileSystemSynchronizedRootGroup;
			path = ChipDogsUITests;
			sourceTree = "<group>";
		};
/* End PBXFileSystemSynchronizedRootGroup section */

/* Begin PBXFrameworksBuildPhase section */
		65AE721F2E44A92D003BE6F5 /* Frameworks */ = {
			isa = PBXFrameworksBuildPhase;
			buildActionMask = 2147483647;
			files = (
			);
			runOnlyForDeploymentPostprocessing = 0;
		};
		65AE722C2E44A92E003BE6F5 /* Frameworks */ = {
			isa = PBXFrameworksBuildPhase;
			buildActionMask = 2147483647;
			files = (
			);
			runOnlyForDeploymentPostprocessing = 0;
		};
		65AE72362E44A92E003BE6F5 /* Frameworks */ = {
			isa = PBXFrameworksBuildPhase;
			buildActionMask = 2147483647;
			files = (
			);
			runOnlyForDeploymentPostprocessing = 0;
		};
/* End PBXFrameworksBuildPhase section */

/* Begin PBXGroup section */
		65AE72192E44A92D003BE6F5 = {
			isa = PBXGroup;
			children = (
				6582FB132E54A594000EE865 /* ItsDogs-Info.plist */,
				65AE72242E44A92D003BE6F5 /* ItsDogs */,
				65AE72322E44A92E003BE6F5 /* ChipDogsTests */,
				65AE723C2E44A92E003BE6F5 /* ChipDogsUITests */,
				65AE72232E44A92D003BE6F5 /* Products */,
			);
			sourceTree = "<group>";
		};
		65AE72232E44A92D003BE6F5 /* Products */ = {
			isa = PBXGroup;
			children = (
				65AE72222E44A92D003BE6F5 /* ChipDogs.app */,
				65AE722F2E44A92E003BE6F5 /* ChipDogsTests.xctest */,
				65AE72392E44A92E003BE6F5 /* ChipDogsUITests.xctest */,
			);
			name = Products;
			sourceTree = "<group>";
		};
/* End PBXGroup section */

/* Begin PBXNativeTarget section */
		65AE72212E44A92D003BE6F5 /* ChipDogs */ = {
			isa = PBXNativeTarget;
			buildConfigurationList = 65AE72432E44A92E003BE6F5 /* Build configuration list for PBXNativeTarget "ChipDogs" */;
			buildPhases = (
				65AE721E2E44A92D003BE6F5 /* Sources */,
				65AE721F2E44A92D003BE6F5 /* Frameworks */,
				65AE72202E44A92D003BE6F5 /* Resources */,
			);
			buildRules = (
			);
			dependencies = (
			);
			fileSystemSynchronizedGroups = (
				65AE72242E44A92D003BE6F5 /* ItsDogs */,
			);
			name = ChipDogs;
			packageProductDependencies = (
			);
			productName = ChipDogs;
			productReference = 65AE72222E44A92D003BE6F5 /* ChipDogs.app */;
			productType = "com.apple.product-type.application";
		};
		65AE722E2E44A92E003BE6F5 /* ChipDogsTests */ = {
			isa = PBXNativeTarget;
			buildConfigurationList = 65AE72462E44A92E003BE6F5 /* Build configuration list for PBXNativeTarget "ChipDogsTests" */;
			buildPhases = (
				65AE722B2E44A92E003BE6F5 /* Sources */,
				65AE722C2E44A92E003BE6F5 /* Frameworks */,
				65AE722D2E44A92E003BE6F5 /* Resources */,
			);
			buildRules = (
			);
			dependencies = (
				65AE72312E44A92E003BE6F5 /* PBXTargetDependency */,
			);
			fileSystemSynchronizedGroups = (
				65AE72322E44A92E003BE6F5 /* ChipDogsTests */,
			);
			name = ChipDogsTests;
			packageProductDependencies = (
			);
			productName = ChipDogsTests;
			productReference = 65AE722F2E44A92E003BE6F5 /* ChipDogsTests.xctest */;
			productType = "com.apple.product-type.bundle.unit-test";
		};
		65AE72382E44A92E003BE6F5 /* ChipDogsUITests */ = {
			isa = PBXNativeTarget;
			buildConfigurationList = 65AE72492E44A92E003BE6F5 /* Build configuration list for PBXNativeTarget "ChipDogsUITests" */;
			buildPhases = (
				65AE72352E44A92E003BE6F5 /* Sources */,
				65AE72362E44A92E003BE6F5 /* Frameworks */,
				65AE72372E44A92E003BE6F5 /* Resources */,
			);
			buildRules = (
			);
			dependencies = (
				65AE723B2E44A92E003BE6F5 /* PBXTargetDependency */,
			);
			fileSystemSynchronizedGroups = (
				65AE723C2E44A92E003BE6F5 /* ChipDogsUITests */,
			);
			name = ChipDogsUITests;
			packageProductDependencies = (
			);
			productName = ChipDogsUITests;
			productReference = 65AE72392E44A92E003BE6F5 /* ChipDogsUITests.xctest */;
			productType = "com.apple.product-type.bundle.ui-testing";
		};
/* End PBXNativeTarget section */

/* Begin PBXProject section */
		65AE721A2E44A92D003BE6F5 /* Project object */ = {
			isa = PBXProject;
			attributes = {
				BuildIndependentTargetsInParallel = 1;
				LastSwiftUpdateCheck = 1640;
				LastUpgradeCheck = 1640;
				TargetAttributes = {
					65AE72212E44A92D003BE6F5 = {
						CreatedOnToolsVersion = 16.4;
					};
					65AE722E2E44A92E003BE6F5 = {
						CreatedOnToolsVersion = 16.4;
						TestTargetID = 65AE72212E44A92D003BE6F5;
					};
					65AE72382E44A92E003BE6F5 = {
						CreatedOnToolsVersion = 16.4;
						TestTargetID = 65AE72212E44A92D003BE6F5;
					};
				};
			};
			buildConfigurationList = 65AE721D2E44A92D003BE6F5 /* Build configuration list for PBXProject "ItsDogs" */;
			developmentRegion = en;
			hasScannedForEncodings = 0;
			knownRegions = (
				en,
				Base,
			);
			mainGroup = 65AE72192E44A92D003BE6F5;
			minimizedProjectReferenceProxies = 1;
			preferredProjectObjectVersion = 77;
			productRefGroup = 65AE72232E44A92D003BE6F5 /* Products */;
			projectDirPath = "";
			projectRoot = "";
			targets = (
				65AE72212E44A92D003BE6F5 /* ChipDogs */,
				65AE722E2E44A92E003BE6F5 /* ChipDogsTests */,
				65AE72382E44A92E003BE6F5 /* ChipDogsUITests */,
			);
		};
/* End PBXProject section */

/* Begin PBXResourcesBuildPhase section */
		65AE72202E44A92D003BE6F5 /* Resources */ = {
			isa = PBXResourcesBuildPhase;
			buildActionMask = 2147483647;
			files = (
			);
			runOnlyForDeploymentPostprocessing = 0;
		};
		65AE722D2E44A92E003BE6F5 /* Resources */ = {
			isa = PBXResourcesBuildPhase;
			buildActionMask = 2147483647;
			files = (
			);
			runOnlyForDeploymentPostprocessing = 0;
		};
		65AE72372E44A92E003BE6F5 /* Resources */ = {
			isa = PBXResourcesBuildPhase;
			buildActionMask = 2147483647;
			files = (
			);
			runOnlyForDeploymentPostprocessing = 0;
		};
/* End PBXResourcesBuildPhase section */

/* Begin PBXSourcesBuildPhase section */
		65AE721E2E44A92D003BE6F5 /* Sources */ = {
			isa = PBXSourcesBuildPhase;
			buildActionMask = 2147483647;
			files = (
			);
			runOnlyForDeploymentPostprocessing = 0;
		};
		65AE722B2E44A92E003BE6F5 /* Sources */ = {
			isa = PBXSourcesBuildPhase;
			buildActionMask = 2147483647;
			files = (
			);
			runOnlyForDeploymentPostprocessing = 0;
		};
		65AE72352E44A92E003BE6F5 /* Sources */ = {
			isa = PBXSourcesBuildPhase;
			buildActionMask = 2147483647;
			files = (
			);
			runOnlyForDeploymentPostprocessing = 0;
		};
/* End PBXSourcesBuildPhase section */

/* Begin PBXTargetDependency section */
		65AE72312E44A92E003BE6F5 /* PBXTargetDependency */ = {
			isa = PBXTargetDependency;
			target = 65AE72212E44A92D003BE6F5 /* ChipDogs */;
			targetProxy = 65AE72302E44A92E003BE6F5 /* PBXContainerItemProxy */;
		};
		65AE723B2E44A92E003BE6F5 /* PBXTargetDependency */ = {
			isa = PBXTargetDependency;
			target = 65AE72212E44A92D003BE6F5 /* ChipDogs */;
			targetProxy = 65AE723A2E44A92E003BE6F5 /* PBXContainerItemProxy */;
		};
/* End PBXTargetDependency section */

/* Begin XCBuildConfiguration section */
		65AE72412E44A92E003BE6F5 /* Debug */ = {
			isa = XCBuildConfiguration;
			buildSettings = {
				ALWAYS_SEARCH_USER_PATHS = NO;
				ASSETCATALOG_COMPILER_GENERATE_SWIFT_ASSET_SYMBOL_EXTENSIONS = YES;
				CLANG_ANALYZER_NONNULL = YES;
				CLANG_ANALYZER_NUMBER_OBJECT_CONVERSION = YES_AGGRESSIVE;
				CLANG_CXX_LANGUAGE_STANDARD = "gnu++20";
				CLANG_ENABLE_MODULES = YES;
				CLANG_ENABLE_OBJC_ARC = YES;
				CLANG_ENABLE_OBJC_WEAK = YES;
				CLANG_WARN_BLOCK_CAPTURE_AUTORELEASING = YES;
				CLANG_WARN_BOOL_CONVERSION = YES;
				CLANG_WARN_COMMA = YES;
				CLANG_WARN_CONSTANT_CONVERSION = YES;
				CLANG_WARN_DEPRECATED_OBJC_IMPLEMENTATIONS = YES;
				CLANG_WARN_DIRECT_OBJC_ISA_USAGE = YES_ERROR;
				CLANG_WARN_DOCUMENTATION_COMMENTS = YES;
				CLANG_WARN_EMPTY_BODY = YES;
				CLANG_WARN_ENUM_CONVERSION = YES;
				CLANG_WARN_INFINITE_RECURSION = YES;
				CLANG_WARN_INT_CONVERSION = YES;
				CLANG_WARN_NON_LITERAL_NULL_CONVERSION = YES;
				CLANG_WARN_OBJC_IMPLICIT_RETAIN_SELF = YES;
				CLANG_WARN_OBJC_LITERAL_CONVERSION = YES;
				CLANG_WARN_OBJC_ROOT_CLASS = YES_ERROR;
				CLANG_WARN_QUOTED_INCLUDE_IN_FRAMEWORK_HEADER = YES;
				CLANG_WARN_RANGE_LOOP_ANALYSIS = YES;
				CLANG_WARN_STRICT_PROTOTYPES = YES;
				CLANG_WARN_SUSPICIOUS_MOVE = YES;
				CLANG_WARN_UNGUARDED_AVAILABILITY = YES_AGGRESSIVE;
				CLANG_WARN_UNREACHABLE_CODE = YES;
				CLANG_WARN__DUPLICATE_METHOD_MATCH = YES;
				COPY_PHASE_STRIP = NO;
				DEBUG_INFORMATION_FORMAT = dwarf;
				DEVELOPMENT_TEAM = 7L847DX3TS;
				ENABLE_STRICT_OBJC_MSGSEND = YES;
				ENABLE_TESTABILITY = YES;
				ENABLE_USER_SCRIPT_SANDBOXING = YES;
				GCC_C_LANGUAGE_STANDARD = gnu17;
				GCC_DYNAMIC_NO_PIC = NO;
				GCC_NO_COMMON_BLOCKS = YES;
				GCC_OPTIMIZATION_LEVEL = 0;
				GCC_PREPROCESSOR_DEFINITIONS = (
					"DEBUG=1",
					"$(inherited)",
				);
				GCC_WARN_64_TO_32_BIT_CONVERSION = YES;
				GCC_WARN_ABOUT_RETURN_TYPE = YES_ERROR;
				GCC_WARN_UNDECLARED_SELECTOR = YES;
				GCC_WARN_UNINITIALIZED_AUTOS = YES_AGGRESSIVE;
				GCC_WARN_UNUSED_FUNCTION = YES;
				GCC_WARN_UNUSED_VARIABLE = YES;
				IPHONEOS_DEPLOYMENT_TARGET = 18.5;
				LOCALIZATION_PREFERS_STRING_CATALOGS = YES;
				MTL_ENABLE_DEBUG_INFO = INCLUDE_SOURCE;
				MTL_FAST_MATH = YES;
				ONLY_ACTIVE_ARCH = YES;
				SDKROOT = iphoneos;
				SWIFT_ACTIVE_COMPILATION_CONDITIONS = "DEBUG $(inherited)";
				SWIFT_OPTIMIZATION_LEVEL = "-Onone";
			};
			name = Debug;
		};
		65AE72422E44A92E003BE6F5 /* Release */ = {
			isa = XCBuildConfiguration;
			buildSettings = {
				ALWAYS_SEARCH_USER_PATHS = NO;
				ASSETCATALOG_COMPILER_GENERATE_SWIFT_ASSET_SYMBOL_EXTENSIONS = YES;
				CLANG_ANALYZER_NONNULL = YES;
				CLANG_ANALYZER_NUMBER_OBJECT_CONVERSION = YES_AGGRESSIVE;
				CLANG_CXX_LANGUAGE_STANDARD = "gnu++20";
				CLANG_ENABLE_MODULES = YES;
				CLANG_ENABLE_OBJC_ARC = YES;
				CLANG_ENABLE_OBJC_WEAK = YES;
				CLANG_WARN_BLOCK_CAPTURE_AUTORELEASING = YES;
				CLANG_WARN_BOOL_CONVERSION = YES;
				CLANG_WARN_COMMA = YES;
				CLANG_WARN_CONSTANT_CONVERSION = YES;
				CLANG_WARN_DEPRECATED_OBJC_IMPLEMENTATIONS = YES;
				CLANG_WARN_DIRECT_OBJC_ISA_USAGE = YES_ERROR;
				CLANG_WARN_DOCUMENTATION_COMMENTS = YES;
				CLANG_WARN_EMPTY_BODY = YES;
				CLANG_WARN_ENUM_CONVERSION = YES;
				CLANG_WARN_INFINITE_RECURSION = YES;
				CLANG_WARN_INT_CONVERSION = YES;
				CLANG_WARN_NON_LITERAL_NULL_CONVERSION = YES;
				CLANG_WARN_OBJC_IMPLICIT_RETAIN_SELF = YES;
				CLANG_WARN_OBJC_LITERAL_CONVERSION = YES;
				CLANG_WARN_OBJC_ROOT_CLASS = YES_ERROR;
				CLANG_WARN_QUOTED_INCLUDE_IN_FRAMEWORK_HEADER = YES;
				CLANG_WARN_RANGE_LOOP_ANALYSIS = YES;
				CLANG_WARN_STRICT_PROTOTYPES = YES;
				CLANG_WARN_SUSPICIOUS_MOVE = YES;
				CLANG_WARN_UNGUARDED_AVAILABILITY = YES_AGGRESSIVE;
				CLANG_WARN_UNREACHABLE_CODE = YES;
				CLANG_WARN__DUPLICATE_METHOD_MATCH = YES;
				COPY_PHASE_STRIP = NO;
				DEBUG_INFORMATION_FORMAT = "dwarf-with-dsym";
				DEVELOPMENT_TEAM = 7L847DX3TS;
				ENABLE_NS_ASSERTIONS = NO;
				ENABLE_STRICT_OBJC_MSGSEND = YES;
				ENABLE_USER_SCRIPT_SANDBOXING = YES;
				GCC_C_LANGUAGE_STANDARD = gnu17;
				GCC_NO_COMMON_BLOCKS = YES;
				GCC_WARN_64_TO_32_BIT_CONVERSION = YES;
				GCC_WARN_ABOUT_RETURN_TYPE = YES_ERROR;
				GCC_WARN_UNDECLARED_SELECTOR = YES;
				GCC_WARN_UNINITIALIZED_AUTOS = YES_AGGRESSIVE;
				GCC_WARN_UNUSED_FUNCTION = YES;
				GCC_WARN_UNUSED_VARIABLE = YES;
				IPHONEOS_DEPLOYMENT_TARGET = 18.5;
				LOCALIZATION_PREFERS_STRING_CATALOGS = YES;
				MTL_ENABLE_DEBUG_INFO = NO;
				MTL_FAST_MATH = YES;
				SDKROOT = iphoneos;
				SWIFT_COMPILATION_MODE = wholemodule;
				VALIDATE_PRODUCT = YES;
			};
			name = Release;
		};
		65AE72442E44A92E003BE6F5 /* Debug */ = {
			isa = XCBuildConfiguration;
			buildSettings = {
				ASSETCATALOG_COMPILER_APPICON_NAME = AppIcon;
				ASSETCATALOG_COMPILER_GLOBAL_ACCENT_COLOR_NAME = AccentColor;
				CODE_SIGN_STYLE = Automatic;
				CURRENT_PROJECT_VERSION = 1;
				DEVELOPMENT_TEAM = 7L847DX3TS;
				ENABLE_PREVIEWS = YES;
				GENERATE_INFOPLIST_FILE = YES;
				INFOPLIST_FILE = "ChipDogs-Info.plist";
				INFOPLIST_KEY_CFBundleDisplayName = ItsDogs;
				INFOPLIST_KEY_UIApplicationSceneManifest_Generation = YES;
				INFOPLIST_KEY_UIApplicationSupportsIndirectInputEvents = YES;
				INFOPLIST_KEY_UILaunchStoryboardName = "Launch Screen";
				INFOPLIST_KEY_UISupportedInterfaceOrientations_iPad = "UIInterfaceOrientationPortrait UIInterfaceOrientationPortraitUpsideDown UIInterfaceOrientationLandscapeLeft UIInterfaceOrientationLandscapeRight";
				INFOPLIST_KEY_UISupportedInterfaceOrientations_iPhone = "UIInterfaceOrientationPortrait UIInterfaceOrientationLandscapeLeft UIInterfaceOrientationLandscapeRight";
				IPHONEOS_DEPLOYMENT_TARGET = 17.6;
				LD_RUNPATH_SEARCH_PATHS = (
					"$(inherited)",
					"@executable_path/Frameworks",
				);
				MARKETING_VERSION = 1.0;
				PRODUCT_BUNDLE_IDENTIFIER = com.calumcoltd.ItsDogs;
				PRODUCT_NAME = "$(TARGET_NAME)";
				SWIFT_EMIT_LOC_STRINGS = YES;
				SWIFT_VERSION = 5.0;
				TARGETED_DEVICE_FAMILY = "1,2";
			};
			name = Debug;
		};
		65AE72452E44A92E003BE6F5 /* Release */ = {
			isa = XCBuildConfiguration;
			buildSettings = {
				ASSETCATALOG_COMPILER_APPICON_NAME = AppIcon;
				ASSETCATALOG_COMPILER_GLOBAL_ACCENT_COLOR_NAME = AccentColor;
				CODE_SIGN_STYLE = Automatic;
				CURRENT_PROJECT_VERSION = 1;
				DEVELOPMENT_TEAM = 7L847DX3TS;
				ENABLE_PREVIEWS = YES;
				GENERATE_INFOPLIST_FILE = YES;
				INFOPLIST_FILE = "ChipDogs-Info.plist";
				INFOPLIST_KEY_CFBundleDisplayName = ItsDogs;
				INFOPLIST_KEY_UIApplicationSceneManifest_Generation = YES;
				INFOPLIST_KEY_UIApplicationSupportsIndirectInputEvents = YES;
				INFOPLIST_KEY_UILaunchStoryboardName = "Launch Screen";
				INFOPLIST_KEY_UISupportedInterfaceOrientations_iPad = "UIInterfaceOrientationPortrait UIInterfaceOrientationPortraitUpsideDown UIInterfaceOrientationLandscapeLeft UIInterfaceOrientationLandscapeRight";
				INFOPLIST_KEY_UISupportedInterfaceOrientations_iPhone = "UIInterfaceOrientationPortrait UIInterfaceOrientationLandscapeLeft UIInterfaceOrientationLandscapeRight";
				IPHONEOS_DEPLOYMENT_TARGET = 17.6;
				LD_RUNPATH_SEARCH_PATHS = (
					"$(inherited)",
					"@executable_path/Frameworks",
				);
				MARKETING_VERSION = 1.0;
				PRODUCT_BUNDLE_IDENTIFIER = com.calumcoltd.ItsDogs;
				PRODUCT_NAME = "$(TARGET_NAME)";
				SWIFT_EMIT_LOC_STRINGS = YES;
				SWIFT_VERSION = 5.0;
				TARGETED_DEVICE_FAMILY = "1,2";
			};
			name = Release;
		};
		65AE72472E44A92E003BE6F5 /* Debug */ = {
			isa = XCBuildConfiguration;
			buildSettings = {
				BUNDLE_LOADER = "$(TEST_HOST)";
				CODE_SIGN_STYLE = Automatic;
				CURRENT_PROJECT_VERSION = 1;
				DEVELOPMENT_TEAM = 7L847DX3TS;
				GENERATE_INFOPLIST_FILE = YES;
				IPHONEOS_DEPLOYMENT_TARGET = 18.5;
				MARKETING_VERSION = 1.0;
				PRODUCT_BUNDLE_IDENTIFIER = com.calumcoltd.ChipDogsTests;
				PRODUCT_NAME = "$(TARGET_NAME)";
				SWIFT_EMIT_LOC_STRINGS = NO;
				SWIFT_VERSION = 5.0;
				TARGETED_DEVICE_FAMILY = "1,2";
				TEST_HOST = "$(BUILT_PRODUCTS_DIR)/ChipDogs.app/$(BUNDLE_EXECUTABLE_FOLDER_PATH)/ChipDogs";
			};
			name = Debug;
		};
		65AE72482E44A92E003BE6F5 /* Release */ = {
			isa = XCBuildConfiguration;
			buildSettings = {
				BUNDLE_LOADER = "$(TEST_HOST)";
				CODE_SIGN_STYLE = Automatic;
				CURRENT_PROJECT_VERSION = 1;
				DEVELOPMENT_TEAM = 7L847DX3TS;
				GENERATE_INFOPLIST_FILE = YES;
				IPHONEOS_DEPLOYMENT_TARGET = 18.5;
				MARKETING_VERSION = 1.0;
				PRODUCT_BUNDLE_IDENTIFIER = com.calumcoltd.ChipDogsTests;
				PRODUCT_NAME = "$(TARGET_NAME)";
				SWIFT_EMIT_LOC_STRINGS = NO;
				SWIFT_VERSION = 5.0;
				TARGETED_DEVICE_FAMILY = "1,2";
				TEST_HOST = "$(BUILT_PRODUCTS_DIR)/ChipDogs.app/$(BUNDLE_EXECUTABLE_FOLDER_PATH)/ChipDogs";
			};
			name = Release;
		};
		65AE724A2E44A92E003BE6F5 /* Debug */ = {
			isa = XCBuildConfiguration;
			buildSettings = {
				CODE_SIGN_STYLE = Automatic;
				CURRENT_PROJECT_VERSION = 1;
				DEVELOPMENT_TEAM = 7L847DX3TS;
				GENERATE_INFOPLIST_FILE = YES;
				MARKETING_VERSION = 1.0;
				PRODUCT_BUNDLE_IDENTIFIER = com.calumcoltd.ChipDogsUITests;
				PRODUCT_NAME = "$(TARGET_NAME)";
				SWIFT_EMIT_LOC_STRINGS = NO;
				SWIFT_VERSION = 5.0;
				TARGETED_DEVICE_FAMILY = "1,2";
				TEST_TARGET_NAME = ChipDogs;
			};
			name = Debug;
		};
		65AE724B2E44A92E003BE6F5 /* Release */ = {
			isa = XCBuildConfiguration;
			buildSettings = {
				CODE_SIGN_STYLE = Automatic;
				CURRENT_PROJECT_VERSION = 1;
				DEVELOPMENT_TEAM = 7L847DX3TS;
				GENERATE_INFOPLIST_FILE = YES;
				MARKETING_VERSION = 1.0;
				PRODUCT_BUNDLE_IDENTIFIER = com.calumcoltd.ChipDogsUITests;
				PRODUCT_NAME = "$(TARGET_NAME)";
				SWIFT_EMIT_LOC_STRINGS = NO;
				SWIFT_VERSION = 5.0;
				TARGETED_DEVICE_FAMILY = "1,2";
				TEST_TARGET_NAME = ChipDogs;
			};
			name = Release;
		};
/* End XCBuildConfiguration section */

/* Begin XCConfigurationList section */
		65AE721D2E44A92D003BE6F5 /* Build configuration list for PBXProject "ItsDogs" */ = {
			isa = XCConfigurationList;
			buildConfigurations = (
				65AE72412E44A92E003BE6F5 /* Debug */,
				65AE72422E44A92E003BE6F5 /* Release */,
			);
			defaultConfigurationIsVisible = 0;
			defaultConfigurationName = Release;
		};
		65AE72432E44A92E003BE6F5 /* Build configuration list for PBXNativeTarget "ChipDogs" */ = {
			isa = XCConfigurationList;
			buildConfigurations = (
				65AE72442E44A92E003BE6F5 /* Debug */,
				65AE72452E44A92E003BE6F5 /* Release */,
			);
			defaultConfigurationIsVisible = 0;
			defaultConfigurationName = Release;
		};
		65AE72462E44A92E003BE6F5 /* Build configuration list for PBXNativeTarget "ChipDogsTests" */ = {
			isa = XCConfigurationList;
			buildConfigurations = (
				65AE72472E44A92E003BE6F5 /* Debug */,
				65AE72482E44A92E003BE6F5 /* Release */,
			);
			defaultConfigurationIsVisible = 0;
			defaultConfigurationName = Release;
		};
		65AE72492E44A92E003BE6F5 /* Build configuration list for PBXNativeTarget "ChipDogsUITests" */ = {
			isa = XCConfigurationList;
			buildConfigurations = (
				65AE724A2E44A92E003BE6F5 /* Debug */,
				65AE724B2E44A92E003BE6F5 /* Release */,
			);
			defaultConfigurationIsVisible = 0;
			defaultConfigurationName = Release;
		};
/* End XCConfigurationList section */
	};
	rootObject = 65AE721A2E44A92D003BE6F5 /* Project object */;
}
